
Microsoft Visual Studio Solution File, Format Version 11.00
# Visual Studio 2010
Project("{FAE04EC0-301F-11D3-BF4B-00C04F79EFBC}") = "Columnize", "Columnize\Columnize.csproj", "{ADAD654A-1287-47C4-BC66-36F6865E879C}"
EndProject
Project("{FAE04EC0-301F-11D3-BF4B-00C04F79EFBC}") = "Demo", "Demo\Demo.csproj", "{67F9E4C6-05E4-4625-BB27-8F0254395C0C}"
EndProject
Project("{FAE04EC0-301F-11D3-BF4B-00C04F79EFBC}") = "Test", "Test\Test.csproj", "{6F4BD02F-48F2-4415-8EDD-603F8125506A}"
EndProject
Project("{FAE04EC0-301F-11D3-BF4B-00C04F79EFBC}") = "Sandbox", "Sandbox\Sandbox.csproj", "{67F9E4C6-05E4-4625-BB27-8F0254395C0D}"
EndProject
Global
	GlobalSection(SolutionConfigurationPlatforms) = preSolution
		Debug|Any CPU = Debug|Any CPU
		Release|Any CPU = Release|Any CPU
	EndGlobalSection
	GlobalSection(ProjectConfigurationPlatforms) = postSolution
		{67F9E4C6-05E4-4625-BB27-8F0254395C0C}.Debug|Any CPU.ActiveCfg = Debug|Any CPU
		{67F9E4C6-05E4-4625-BB27-8F0254395C0C}.Debug|Any CPU.Build.0 = Debug|Any CPU
		{67F9E4C6-05E4-4625-BB27-8F0254395C0C}.Release|Any CPU.ActiveCfg = Release|Any CPU
		{67F9E4C6-05E4-4625-BB27-8F0254395C0C}.Release|Any CPU.Build.0 = Release|Any CPU
		{67F9E4C6-05E4-4625-BB27-8F0254395C0D}.Debug|Any CPU.ActiveCfg = Debug|Any CPU
		{67F9E4C6-05E4-4625-BB27-8F0254395C0D}.Debug|Any CPU.Build.0 = Debug|Any CPU
		{67F9E4C6-05E4-4625-BB27-8F0254395C0D}.Release|Any CPU.ActiveCfg = Release|Any CPU
		{67F9E4C6-05E4-4625-BB27-8F0254395C0D}.Release|Any CPU.Build.0 = Release|Any CPU
		{6F4BD02F-48F2-4415-8EDD-603F8125506A}.Debug|Any CPU.ActiveCfg = Debug|Any CPU
		{6F4BD02F-48F2-4415-8EDD-603F8125506A}.Debug|Any CPU.Build.0 = Debug|Any CPU
		{6F4BD02F-48F2-4415-8EDD-603F8125506A}.Release|Any CPU.ActiveCfg = Release|Any CPU
		{6F4BD02F-48F2-4415-8EDD-603F8125506A}.Release|Any CPU.Build.0 = Release|Any CPU
		{ADAD654A-1287-47C4-BC66-36F6865E879C}.Debug|Any CPU.ActiveCfg = Debug|Any CPU
		{ADAD654A-1287-47C4-BC66-36F6865E879C}.Debug|Any CPU.Build.0 = Debug|Any CPU
		{ADAD654A-1287-47C4-BC66-36F6865E879C}.Release|Any CPU.ActiveCfg = Release|Any CPU
		{ADAD654A-1287-47C4-BC66-36F6865E879C}.Release|Any CPU.Build.0 = Release|Any CPU
	EndGlobalSection
	GlobalSection(MonoDevelopProperties) = preSolution
		StartupItem = Demo\Demo.csproj
		description = Arrange an Array nicely in columns
	EndGlobalSection
EndGlobal
